// !$*UTF8*$!
{
	archiveVersion = 1;
	classes = {
	};
	objectVersion = 48;
	objects = {

/* Begin PBXBuildFile section */
		AC394FC91F9F0CD50080CBA9 /* NotificationTimeViewController.swift in Sources */ = {isa = PBXBuildFile; fileRef = AC394FC81F9F0CD50080CBA9 /* NotificationTimeViewController.swift */; };
		AC94AC2F1F9EDC5400C8DB51 /* AppDelegate.swift in Sources */ = {isa = PBXBuildFile; fileRef = AC94AC2E1F9EDC5400C8DB51 /* AppDelegate.swift */; };
		AC94AC341F9EDC5400C8DB51 /* Main.storyboard in Resources */ = {isa = PBXBuildFile; fileRef = AC94AC321F9EDC5400C8DB51 /* Main.storyboard */; };
		AC94AC371F9EDC5400C8DB51 /* EasyD_Day.xcdatamodeld in Sources */ = {isa = PBXBuildFile; fileRef = AC94AC351F9EDC5400C8DB51 /* EasyD_Day.xcdatamodeld */; };
		AC94AC391F9EDC5400C8DB51 /* Assets.xcassets in Resources */ = {isa = PBXBuildFile; fileRef = AC94AC381F9EDC5400C8DB51 /* Assets.xcassets */; };
		AC94AC3C1F9EDC5400C8DB51 /* LaunchScreen.storyboard in Resources */ = {isa = PBXBuildFile; fileRef = AC94AC3A1F9EDC5400C8DB51 /* LaunchScreen.storyboard */; };
		AC94AC441F9EDDB600C8DB51 /* DDayViewController.swift in Sources */ = {isa = PBXBuildFile; fileRef = AC94AC431F9EDDB600C8DB51 /* DDayViewController.swift */; };
		AC94AC461F9EE14100C8DB51 /* DDayAddViewController.swift in Sources */ = {isa = PBXBuildFile; fileRef = AC94AC451F9EE14100C8DB51 /* DDayAddViewController.swift */; };
		AC94AC481F9EE1A800C8DB51 /* DDayCell.swift in Sources */ = {isa = PBXBuildFile; fileRef = AC94AC471F9EE1A800C8DB51 /* DDayCell.swift */; };
		AC94AC4A1F9EE1B300C8DB51 /* DDayData.swift in Sources */ = {isa = PBXBuildFile; fileRef = AC94AC491F9EE1B300C8DB51 /* DDayData.swift */; };
/* End PBXBuildFile section */

/* Begin PBXFileReference section */
		AC394FC81F9F0CD50080CBA9 /* NotificationTimeViewController.swift */ = {isa = PBXFileReference; lastKnownFileType = sourcecode.swift; path = NotificationTimeViewController.swift; sourceTree = "<group>"; };
		AC94AC2B1F9EDC5400C8DB51 /* EasyD-Day.app */ = {isa = PBXFileReference; explicitFileType = wrapper.application; includeInIndex = 0; path = "EasyD-Day.app"; sourceTree = BUILT_PRODUCTS_DIR; };
		AC94AC2E1F9EDC5400C8DB51 /* AppDelegate.swift */ = {isa = PBXFileReference; lastKnownFileType = sourcecode.swift; path = AppDelegate.swift; sourceTree = "<group>"; };
		AC94AC331F9EDC5400C8DB51 /* Base */ = {isa = PBXFileReference; lastKnownFileType = file.storyboard; name = Base; path = Base.lproj/Main.storyboard; sourceTree = "<group>"; };
		AC94AC361F9EDC5400C8DB51 /* EasyD_Day.xcdatamodel */ = {isa = PBXFileReference; lastKnownFileType = wrapper.xcdatamodel; path = EasyD_Day.xcdatamodel; sourceTree = "<group>"; };
		AC94AC381F9EDC5400C8DB51 /* Assets.xcassets */ = {isa = PBXFileReference; lastKnownFileType = folder.assetcatalog; path = Assets.xcassets; sourceTree = "<group>"; };
		AC94AC3B1F9EDC5400C8DB51 /* Base */ = {isa = PBXFileReference; lastKnownFileType = file.storyboard; name = Base; path = Base.lproj/LaunchScreen.storyboard; sourceTree = "<group>"; };
		AC94AC3D1F9EDC5400C8DB51 /* Info.plist */ = {isa = PBXFileReference; lastKnownFileType = text.plist.xml; path = Info.plist; sourceTree = "<group>"; };
		AC94AC431F9EDDB600C8DB51 /* DDayViewController.swift */ = {isa = PBXFileReference; lastKnownFileType = sourcecode.swift; path = DDayViewController.swift; sourceTree = "<group>"; };
		AC94AC451F9EE14100C8DB51 /* DDayAddViewController.swift */ = {isa = PBXFileReference; lastKnownFileType = sourcecode.swift; path = DDayAddViewController.swift; sourceTree = "<group>"; };
		AC94AC471F9EE1A800C8DB51 /* DDayCell.swift */ = {isa = PBXFileReference; lastKnownFileType = sourcecode.swift; path = DDayCell.swift; sourceTree = "<group>"; };
		AC94AC491F9EE1B300C8DB51 /* DDayData.swift */ = {isa = PBXFileReference; lastKnownFileType = sourcecode.swift; path = DDayData.swift; sourceTree = "<group>"; };
/* End PBXFileReference section */

/* Begin PBXFrameworksBuildPhase section */
		AC94AC281F9EDC5400C8DB51 /* Frameworks */ = {
			isa = PBXFrameworksBuildPhase;
			buildActionMask = 2147483647;
			files = (
			);
			runOnlyForDeploymentPostprocessing = 0;
		};
/* End PBXFrameworksBuildPhase section */

/* Begin PBXGroup section */
		AC94AC221F9EDC5400C8DB51 = {
			isa = PBXGroup;
			children = (
				AC94AC2D1F9EDC5400C8DB51 /* EasyD-Day */,
				AC94AC2C1F9EDC5400C8DB51 /* Products */,
			);
			sourceTree = "<group>";
		};
		AC94AC2C1F9EDC5400C8DB51 /* Products */ = {
			isa = PBXGroup;
			children = (
				AC94AC2B1F9EDC5400C8DB51 /* EasyD-Day.app */,
			);
			name = Products;
			sourceTree = "<group>";
		};
		AC94AC2D1F9EDC5400C8DB51 /* EasyD-Day */ = {
			isa = PBXGroup;
			children = (
				AC94AC2E1F9EDC5400C8DB51 /* AppDelegate.swift */,
				AC94AC321F9EDC5400C8DB51 /* Main.storyboard */,
				AC394FC81F9F0CD50080CBA9 /* NotificationTimeViewController.swift */,
				AC94AC451F9EE14100C8DB51 /* DDayAddViewController.swift */,
				AC94AC471F9EE1A800C8DB51 /* DDayCell.swift */,
				AC94AC491F9EE1B300C8DB51 /* DDayData.swift */,
				AC94AC431F9EDDB600C8DB51 /* DDayViewController.swift */,
				AC94AC381F9EDC5400C8DB51 /* Assets.xcassets */,
				AC94AC3A1F9EDC5400C8DB51 /* LaunchScreen.storyboard */,
				AC94AC3D1F9EDC5400C8DB51 /* Info.plist */,
				AC94AC351F9EDC5400C8DB51 /* EasyD_Day.xcdatamodeld */,
			);
			path = "EasyD-Day";
			sourceTree = "<group>";
		};
/* End PBXGroup section */

/* Begin PBXNativeTarget section */
		AC94AC2A1F9EDC5400C8DB51 /* EasyD-Day */ = {
			isa = PBXNativeTarget;
			buildConfigurationList = AC94AC401F9EDC5400C8DB51 /* Build configuration list for PBXNativeTarget "EasyD-Day" */;
			buildPhases = (
				AC94AC271F9EDC5400C8DB51 /* Sources */,
				AC94AC281F9EDC5400C8DB51 /* Frameworks */,
				AC94AC291F9EDC5400C8DB51 /* Resources */,
			);
			buildRules = (
			);
			dependencies = (
			);
			name = "EasyD-Day";
			productName = "EasyD-Day";
			productReference = AC94AC2B1F9EDC5400C8DB51 /* EasyD-Day.app */;
			productType = "com.apple.product-type.application";
		};
/* End PBXNativeTarget section */

/* Begin PBXProject section */
		AC94AC231F9EDC5400C8DB51 /* Project object */ = {
			isa = PBXProject;
			attributes = {
				LastSwiftUpdateCheck = 0900;
				LastUpgradeCheck = 0900;
				ORGANIZATIONNAME = dbspark7;
				TargetAttributes = {
					AC94AC2A1F9EDC5400C8DB51 = {
						CreatedOnToolsVersion = 9.0.1;
						ProvisioningStyle = Automatic;
					};
				};
			};
			buildConfigurationList = AC94AC261F9EDC5400C8DB51 /* Build configuration list for PBXProject "EasyD-Day" */;
			compatibilityVersion = "Xcode 8.0";
			developmentRegion = en;
			hasScannedForEncodings = 0;
			knownRegions = (
				en,
				Base,
			);
			mainGroup = AC94AC221F9EDC5400C8DB51;
			productRefGroup = AC94AC2C1F9EDC5400C8DB51 /* Products */;
			projectDirPath = "";
			projectRoot = "";
			targets = (
				AC94AC2A1F9EDC5400C8DB51 /* EasyD-Day */,
			);
		};
/* End PBXProject section */

/* Begin PBXResourcesBuildPhase section */
		AC94AC291F9EDC5400C8DB51 /* Resources */ = {
			isa = PBXResourcesBuildPhase;
			buildActionMask = 2147483647;
			files = (
				AC94AC3C1F9EDC5400C8DB51 /* LaunchScreen.storyboard in Resources */,
				AC94AC391F9EDC5400C8DB51 /* Assets.xcassets in Resources */,
				AC94AC341F9EDC5400C8DB51 /* Main.storyboard in Resources */,
			);
			runOnlyForDeploymentPostprocessing = 0;
		};
/* End PBXResourcesBuildPhase section */

/* Begin PBXSourcesBuildPhase section */
		AC94AC271F9EDC5400C8DB51 /* Sources */ = {
			isa = PBXSourcesBuildPhase;
			buildActionMask = 2147483647;
			files = (
				AC94AC481F9EE1A800C8DB51 /* DDayCell.swift in Sources */,
				AC94AC4A1F9EE1B300C8DB51 /* DDayData.swift in Sources */,
				AC394FC91F9F0CD50080CBA9 /* NotificationTimeViewController.swift in Sources */,
				AC94AC461F9EE14100C8DB51 /* DDayAddViewController.swift in Sources */,
				AC94AC371F9EDC5400C8DB51 /* EasyD_Day.xcdatamodeld in Sources */,
				AC94AC2F1F9EDC5400C8DB51 /* AppDelegate.swift in Sources */,
				AC94AC441F9EDDB600C8DB51 /* DDayViewController.swift in Sources */,
			);
			runOnlyForDeploymentPostprocessing = 0;
		};
/* End PBXSourcesBuildPhase section */

/* Begin PBXVariantGroup section */
		AC94AC321F9EDC5400C8DB51 /* Main.storyboard */ = {
			isa = PBXVariantGroup;
			children = (
				AC94AC331F9EDC5400C8DB51 /* Base */,
			);
			name = Main.storyboard;
			sourceTree = "<group>";
		};
		AC94AC3A1F9EDC5400C8DB51 /* LaunchScreen.storyboard */ = {
			isa = PBXVariantGroup;
			children = (
				AC94AC3B1F9EDC5400C8DB51 /* Base */,
			);
			name = LaunchScreen.storyboard;
			sourceTree = "<group>";
		};
/* End PBXVariantGroup section */

/* Begin XCBuildConfiguration section */
		AC94AC3E1F9EDC5400C8DB51 /* Debug */ = {
			isa = XCBuildConfiguration;
			buildSettings = {
				ALWAYS_SEARCH_USER_PATHS = NO;
				CLANG_ANALYZER_NONNULL = YES;
				CLANG_ANALYZER_NUMBER_OBJECT_CONVERSION = YES_AGGRESSIVE;
				CLANG_CXX_LANGUAGE_STANDARD = "gnu++14";
				CLANG_CXX_LIBRARY = "libc++";
				CLANG_ENABLE_MODULES = YES;
				CLANG_ENABLE_OBJC_ARC = YES;
				CLANG_WARN_BLOCK_CAPTURE_AUTORELEASING = YES;
				CLANG_WARN_BOOL_CONVERSION = YES;
				CLANG_WARN_COMMA = YES;
				CLANG_WARN_CONSTANT_CONVERSION = YES;
				CLANG_WARN_DIRECT_OBJC_ISA_USAGE = YES_ERROR;
				CLANG_WARN_DOCUMENTATION_COMMENTS = YES;
				CLANG_WARN_EMPTY_BODY = YES;
				CLANG_WARN_ENUM_CONVERSION = YES;
				CLANG_WARN_INFINITE_RECURSION = YES;
				CLANG_WARN_INT_CONVERSION = YES;
				CLANG_WARN_NON_LITERAL_NULL_CONVERSION = YES;
				CLANG_WARN_OBJC_LITERAL_CONVERSION = YES;
				CLANG_WARN_OBJC_ROOT_CLASS = YES_ERROR;
				CLANG_WARN_RANGE_LOOP_ANALYSIS = YES;
				CLANG_WARN_STRICT_PROTOTYPES = YES;
				CLANG_WARN_SUSPICIOUS_MOVE = YES;
				CLANG_WARN_UNGUARDED_AVAILABILITY = YES_AGGRESSIVE;
				CLANG_WARN_UNREACHABLE_CODE = YES;
				CLANG_WARN__DUPLICATE_METHOD_MATCH = YES;
				CODE_SIGN_IDENTITY = "iPhone Developer";
				COPY_PHASE_STRIP = NO;
				DEBUG_INFORMATION_FORMAT = dwarf;
				ENABLE_STRICT_OBJC_MSGSEND = YES;
				ENABLE_TESTABILITY = YES;
				GCC_C_LANGUAGE_STANDARD = gnu11;
				GCC_DYNAMIC_NO_PIC = NO;
				GCC_NO_COMMON_BLOCKS = YES;
				GCC_OPTIMIZATION_LEVEL = 0;
				GCC_PREPROCESSOR_DEFINITIONS = (
					"DEBUG=1",
					"$(inherited)",
				);
				GCC_WARN_64_TO_32_BIT_CONVERSION = YES;
				GCC_WARN_ABOUT_RETURN_TYPE = YES_ERROR;
				GCC_WARN_UNDECLARED_SELECTOR = YES;
				GCC_WARN_UNINITIALIZED_AUTOS = YES_AGGRESSIVE;
				GCC_WARN_UNUSED_FUNCTION = YES;
				GCC_WARN_UNUSED_VARIABLE = YES;
				IPHONEOS_DEPLOYMENT_TARGET = 11.0;
				MTL_ENABLE_DEBUG_INFO = YES;
				ONLY_ACTIVE_ARCH = YES;
				SDKROOT = iphoneos;
				SWIFT_ACTIVE_COMPILATION_CONDITIONS = DEBUG;
				SWIFT_OPTIMIZATION_LEVEL = "-Onone";
			};
			name = Debug;
		};
		AC94AC3F1F9EDC5400C8DB51 /* Release */ = {
			isa = XCBuildConfiguration;
			buildSettings = {
				ALWAYS_SEARCH_USER_PATHS = NO;
				CLANG_ANALYZER_NONNULL = YES;
				CLANG_ANALYZER_NUMBER_OBJECT_CONVERSION = YES_AGGRESSIVE;
				CLANG_CXX_LANGUAGE_STANDARD = "gnu++14";
				CLANG_CXX_LIBRARY = "libc++";
				CLANG_ENABLE_MODULES = YES;
				CLANG_ENABLE_OBJC_ARC = YES;
				CLANG_WARN_BLOCK_CAPTURE_AUTORELEASING = YES;
				CLANG_WARN_BOOL_CONVERSION = YES;
				CLANG_WARN_COMMA = YES;
				CLANG_WARN_CONSTANT_CONVERSION = YES;
				CLANG_WARN_DIRECT_OBJC_ISA_USAGE = YES_ERROR;
				CLANG_WARN_DOCUMENTATION_COMMENTS = YES;
				CLANG_WARN_EMPTY_BODY = YES;
				CLANG_WARN_ENUM_CONVERSION = YES;
				CLANG_WARN_INFINITE_RECURSION = YES;
				CLANG_WARN_INT_CONVERSION = YES;
				CLANG_WARN_NON_LITERAL_NULL_CONVERSION = YES;
				CLANG_WARN_OBJC_LITERAL_CONVERSION = YES;
				CLANG_WARN_OBJC_ROOT_CLASS = YES_ERROR;
				CLANG_WARN_RANGE_LOOP_ANALYSIS = YES;
				CLANG_WARN_STRICT_PROTOTYPES = YES;
				CLANG_WARN_SUSPICIOUS_MOVE = YES;
				CLANG_WARN_UNGUARDED_AVAILABILITY = YES_AGGRESSIVE;
				CLANG_WARN_UNREACHABLE_CODE = YES;
				CLANG_WARN__DUPLICATE_METHOD_MATCH = YES;
				CODE_SIGN_IDENTITY = "iPhone Developer";
				COPY_PHASE_STRIP = NO;
				DEBUG_INFORMATION_FORMAT = "dwarf-with-dsym";
				ENABLE_NS_ASSERTIONS = NO;
				ENABLE_STRICT_OBJC_MSGSEND = YES;
				GCC_C_LANGUAGE_STANDARD = gnu11;
				GCC_NO_COMMON_BLOCKS = YES;
				GCC_WARN_64_TO_32_BIT_CONVERSION = YES;
				GCC_WARN_ABOUT_RETURN_TYPE = YES_ERROR;
				GCC_WARN_UNDECLARED_SELECTOR = YES;
				GCC_WARN_UNINITIALIZED_AUTOS = YES_AGGRESSIVE;
				GCC_WARN_UNUSED_FUNCTION = YES;
				GCC_WARN_UNUSED_VARIABLE = YES;
				IPHONEOS_DEPLOYMENT_TARGET = 11.0;
				MTL_ENABLE_DEBUG_INFO = NO;
				SDKROOT = iphoneos;
				SWIFT_OPTIMIZATION_LEVEL = "-Owholemodule";
				VALIDATE_PRODUCT = YES;
			};
			name = Release;
		};
		AC94AC411F9EDC5400C8DB51 /* Debug */ = {
			isa = XCBuildConfiguration;
			buildSettings = {
				ASSETCATALOG_COMPILER_APPICON_NAME = AppIcon;
				CODE_SIGN_STYLE = Automatic;
				INFOPLIST_FILE = "EasyD-Day/Info.plist";
				LD_RUNPATH_SEARCH_PATHS = "$(inherited) @executable_path/Frameworks";
				PRODUCT_BUNDLE_IDENTIFIER = "kr.co.ipdisk.dbspark711.EasyD-Day";
				PRODUCT_NAME = "$(TARGET_NAME)";
				SWIFT_VERSION = 4.0;
				TARGETED_DEVICE_FAMILY = "1,2";
			};
			name = Debug;
		};
		AC94AC421F9EDC5400C8DB51 /* Release */ = {
			isa = XCBuildConfiguration;
			buildSettings = {
				ASSETCATALOG_COMPILER_APPICON_NAME = AppIcon;
				CODE_SIGN_STYLE = Automatic;
				INFOPLIST_FILE = "EasyD-Day/Info.plist";
				LD_RUNPATH_SEARCH_PATHS = "$(inherited) @executable_path/Frameworks";
				PRODUCT_BUNDLE_IDENTIFIER = "kr.co.ipdisk.dbspark711.EasyD-Day";
				PRODUCT_NAME = "$(TARGET_NAME)";
				SWIFT_VERSION = 4.0;
				TARGETED_DEVICE_FAMILY = "1,2";
			};
			name = Release;
		};
/* End XCBuildConfiguration section */

/* Begin XCConfigurationList section */
		AC94AC261F9EDC5400C8DB51 /* Build configuration list for PBXProject "EasyD-Day" */ = {
			isa = XCConfigurationList;
			buildConfigurations = (
				AC94AC3E1F9EDC5400C8DB51 /* Debug */,
				AC94AC3F1F9EDC5400C8DB51 /* Release */,
			);
			defaultConfigurationIsVisible = 0;
			defaultConfigurationName = Release;
		};
		AC94AC401F9EDC5400C8DB51 /* Build configuration list for PBXNativeTarget "EasyD-Day" */ = {
			isa = XCConfigurationList;
			buildConfigurations = (
				AC94AC411F9EDC5400C8DB51 /* Debug */,
				AC94AC421F9EDC5400C8DB51 /* Release */,
			);
			defaultConfigurationIsVisible = 0;
			defaultConfigurationName = Release;
		};
/* End XCConfigurationList section */

/* Begin XCVersionGroup section */
		AC94AC351F9EDC5400C8DB51 /* EasyD_Day.xcdatamodeld */ = {
			isa = XCVersionGroup;
			children = (
				AC94AC361F9EDC5400C8DB51 /* EasyD_Day.xcdatamodel */,
			);
			currentVersion = AC94AC361F9EDC5400C8DB51 /* EasyD_Day.xcdatamodel */;
			path = EasyD_Day.xcdatamodeld;
			sourceTree = "<group>";
			versionGroupType = wrapper.xcdatamodel;
		};
/* End XCVersionGroup section */
	};
	rootObject = AC94AC231F9EDC5400C8DB51 /* Project object */;
}
